// !$*UTF8*$!
{
	archiveVersion = 1;
	classes = {
	};
	objectVersion = 46;
	objects = {

/* Begin PBXBuildFile section */
		0009CC1520004C17BAF22B23 /* libPods.a in Frameworks */ = {isa = PBXBuildFile; fileRef = 150F8B50497948288317B213 /* libPods.a */; };
		718C764A17AF5AFC003150F9 /* UIKit.framework in Frameworks */ = {isa = PBXBuildFile; fileRef = 718C764917AF5AFC003150F9 /* UIKit.framework */; };
		718C764C17AF5AFC003150F9 /* Foundation.framework in Frameworks */ = {isa = PBXBuildFile; fileRef = 718C764B17AF5AFC003150F9 /* Foundation.framework */; };
		718C764E17AF5AFC003150F9 /* CoreGraphics.framework in Frameworks */ = {isa = PBXBuildFile; fileRef = 718C764D17AF5AFC003150F9 /* CoreGraphics.framework */; };
		718C765417AF5AFC003150F9 /* InfoPlist.strings in Resources */ = {isa = PBXBuildFile; fileRef = 718C765217AF5AFC003150F9 /* InfoPlist.strings */; };
		718C765617AF5AFC003150F9 /* main.m in Sources */ = {isa = PBXBuildFile; fileRef = 718C765517AF5AFC003150F9 /* main.m */; };
		718C765A17AF5AFC003150F9 /* AppDelegate.m in Sources */ = {isa = PBXBuildFile; fileRef = 718C765917AF5AFC003150F9 /* AppDelegate.m */; };
		718C765C17AF5AFC003150F9 /* Default.png in Resources */ = {isa = PBXBuildFile; fileRef = 718C765B17AF5AFC003150F9 /* Default.png */; };
		718C765E17AF5AFC003150F9 /* Default@2x.png in Resources */ = {isa = PBXBuildFile; fileRef = 718C765D17AF5AFC003150F9 /* Default@2x.png */; };
		718C766017AF5AFC003150F9 /* Default-568h@2x.png in Resources */ = {isa = PBXBuildFile; fileRef = 718C765F17AF5AFC003150F9 /* Default-568h@2x.png */; };
		718C766317AF5AFC003150F9 /* MainStoryboard_iPhone.storyboard in Resources */ = {isa = PBXBuildFile; fileRef = 718C766117AF5AFC003150F9 /* MainStoryboard_iPhone.storyboard */; };
		718C766617AF5AFC003150F9 /* MainStoryboard_iPad.storyboard in Resources */ = {isa = PBXBuildFile; fileRef = 718C766417AF5AFC003150F9 /* MainStoryboard_iPad.storyboard */; };
		718C766917AF5AFC003150F9 /* ViewController.m in Sources */ = {isa = PBXBuildFile; fileRef = 718C766817AF5AFC003150F9 /* ViewController.m */; };
		718C767017AF9EB3003150F9 /* AssetsLibrary.framework in Frameworks */ = {isa = PBXBuildFile; fileRef = 718C766F17AF9EB3003150F9 /* AssetsLibrary.framework */; };
		718C767317AF9F4D003150F9 /* SelectPhotoViewController.m in Sources */ = {isa = PBXBuildFile; fileRef = 718C767217AF9F4D003150F9 /* SelectPhotoViewController.m */; };
		718C767A17AFAB2D003150F9 /* PhotoCell.m in Sources */ = {isa = PBXBuildFile; fileRef = 718C767917AFAB2D003150F9 /* PhotoCell.m */; };
		71E0384B17B5437000C3A60A /* MessageUI.framework in Frameworks */ = {isa = PBXBuildFile; fileRef = 71E0384A17B5437000C3A60A /* MessageUI.framework */; };
/* End PBXBuildFile section */

/* Begin PBXFileReference section */
		150F8B50497948288317B213 /* libPods.a */ = {isa = PBXFileReference; explicitFileType = archive.ar; includeInIndex = 0; path = libPods.a; sourceTree = BUILT_PRODUCTS_DIR; };
		23458606F2AC40919FDA1CC1 /* Pods.xcconfig */ = {isa = PBXFileReference; includeInIndex = 1; lastKnownFileType = text.xcconfig; name = Pods.xcconfig; path = Pods/Pods.xcconfig; sourceTree = "<group>"; };
		718C764617AF5AFC003150F9 /* SwipeShare.app */ = {isa = PBXFileReference; explicitFileType = wrapper.application; includeInIndex = 0; path = SwipeShare.app; sourceTree = BUILT_PRODUCTS_DIR; };
		718C764917AF5AFC003150F9 /* UIKit.framework */ = {isa = PBXFileReference; lastKnownFileType = wrapper.framework; name = UIKit.framework; path = System/Library/Frameworks/UIKit.framework; sourceTree = SDKROOT; };
		718C764B17AF5AFC003150F9 /* Foundation.framework */ = {isa = PBXFileReference; lastKnownFileType = wrapper.framework; name = Foundation.framework; path = System/Library/Frameworks/Foundation.framework; sourceTree = SDKROOT; };
		718C764D17AF5AFC003150F9 /* CoreGraphics.framework */ = {isa = PBXFileReference; lastKnownFileType = wrapper.framework; name = CoreGraphics.framework; path = System/Library/Frameworks/CoreGraphics.framework; sourceTree = SDKROOT; };
		718C765117AF5AFC003150F9 /* SwipeShare-Info.plist */ = {isa = PBXFileReference; lastKnownFileType = text.plist.xml; path = "SwipeShare-Info.plist"; sourceTree = "<group>"; };
		718C765317AF5AFC003150F9 /* en */ = {isa = PBXFileReference; lastKnownFileType = text.plist.strings; name = en; path = en.lproj/InfoPlist.strings; sourceTree = "<group>"; };
		718C765517AF5AFC003150F9 /* main.m */ = {isa = PBXFileReference; lastKnownFileType = sourcecode.c.objc; path = main.m; sourceTree = "<group>"; };
		718C765717AF5AFC003150F9 /* SwipeShare-Prefix.pch */ = {isa = PBXFileReference; lastKnownFileType = sourcecode.c.h; path = "SwipeShare-Prefix.pch"; sourceTree = "<group>"; };
		718C765817AF5AFC003150F9 /* AppDelegate.h */ = {isa = PBXFileReference; lastKnownFileType = sourcecode.c.h; path = AppDelegate.h; sourceTree = "<group>"; };
		718C765917AF5AFC003150F9 /* AppDelegate.m */ = {isa = PBXFileReference; lastKnownFileType = sourcecode.c.objc; path = AppDelegate.m; sourceTree = "<group>"; };
		718C765B17AF5AFC003150F9 /* Default.png */ = {isa = PBXFileReference; lastKnownFileType = image.png; path = Default.png; sourceTree = "<group>"; };
		718C765D17AF5AFC003150F9 /* Default@2x.png */ = {isa = PBXFileReference; lastKnownFileType = image.png; path = "Default@2x.png"; sourceTree = "<group>"; };
		718C765F17AF5AFC003150F9 /* Default-568h@2x.png */ = {isa = PBXFileReference; lastKnownFileType = image.png; path = "Default-568h@2x.png"; sourceTree = "<group>"; };
		718C766217AF5AFC003150F9 /* en */ = {isa = PBXFileReference; lastKnownFileType = file.storyboard; name = en; path = en.lproj/MainStoryboard_iPhone.storyboard; sourceTree = "<group>"; };
		718C766517AF5AFC003150F9 /* en */ = {isa = PBXFileReference; lastKnownFileType = file.storyboard; name = en; path = en.lproj/MainStoryboard_iPad.storyboard; sourceTree = "<group>"; };
		718C766717AF5AFC003150F9 /* ViewController.h */ = {isa = PBXFileReference; lastKnownFileType = sourcecode.c.h; path = ViewController.h; sourceTree = "<group>"; };
		718C766817AF5AFC003150F9 /* ViewController.m */ = {isa = PBXFileReference; lastKnownFileType = sourcecode.c.objc; path = ViewController.m; sourceTree = "<group>"; };
		718C766F17AF9EB3003150F9 /* AssetsLibrary.framework */ = {isa = PBXFileReference; lastKnownFileType = wrapper.framework; name = AssetsLibrary.framework; path = System/Library/Frameworks/AssetsLibrary.framework; sourceTree = SDKROOT; };
		718C767117AF9F4D003150F9 /* SelectPhotoViewController.h */ = {isa = PBXFileReference; fileEncoding = 4; lastKnownFileType = sourcecode.c.h; path = SelectPhotoViewController.h; sourceTree = "<group>"; };
		718C767217AF9F4D003150F9 /* SelectPhotoViewController.m */ = {isa = PBXFileReference; fileEncoding = 4; lastKnownFileType = sourcecode.c.objc; path = SelectPhotoViewController.m; sourceTree = "<group>"; };
		718C767817AFAB2D003150F9 /* PhotoCell.h */ = {isa = PBXFileReference; fileEncoding = 4; lastKnownFileType = sourcecode.c.h; path = PhotoCell.h; sourceTree = "<group>"; };
		718C767917AFAB2D003150F9 /* PhotoCell.m */ = {isa = PBXFileReference; fileEncoding = 4; lastKnownFileType = sourcecode.c.objc; path = PhotoCell.m; sourceTree = "<group>"; };
		71E0384A17B5437000C3A60A /* MessageUI.framework */ = {isa = PBXFileReference; lastKnownFileType = wrapper.framework; name = MessageUI.framework; path = System/Library/Frameworks/MessageUI.framework; sourceTree = SDKROOT; };
/* End PBXFileReference section */

/* Begin PBXFrameworksBuildPhase section */
		718C764317AF5AFC003150F9 /* Frameworks */ = {
			isa = PBXFrameworksBuildPhase;
			buildActionMask = 2147483647;
			files = (
				71E0384B17B5437000C3A60A /* MessageUI.framework in Frameworks */,
				718C767017AF9EB3003150F9 /* AssetsLibrary.framework in Frameworks */,
				718C764A17AF5AFC003150F9 /* UIKit.framework in Frameworks */,
				718C764C17AF5AFC003150F9 /* Foundation.framework in Frameworks */,
				718C764E17AF5AFC003150F9 /* CoreGraphics.framework in Frameworks */,
				0009CC1520004C17BAF22B23 /* libPods.a in Frameworks */,
			);
			runOnlyForDeploymentPostprocessing = 0;
		};
/* End PBXFrameworksBuildPhase section */

/* Begin PBXGroup section */
		718C763D17AF5AFC003150F9 = {
			isa = PBXGroup;
			children = (
				71E0384A17B5437000C3A60A /* MessageUI.framework */,
				718C766F17AF9EB3003150F9 /* AssetsLibrary.framework */,
				718C764F17AF5AFC003150F9 /* SwipeSelectDemo */,
				718C764817AF5AFC003150F9 /* Frameworks */,
				718C764717AF5AFC003150F9 /* Products */,
				23458606F2AC40919FDA1CC1 /* Pods.xcconfig */,
			);
			sourceTree = "<group>";
		};
		718C764717AF5AFC003150F9 /* Products */ = {
			isa = PBXGroup;
			children = (
				718C764617AF5AFC003150F9 /* SwipeShare.app */,
			);
			name = Products;
			sourceTree = "<group>";
		};
		718C764817AF5AFC003150F9 /* Frameworks */ = {
			isa = PBXGroup;
			children = (
				718C764917AF5AFC003150F9 /* UIKit.framework */,
				718C764B17AF5AFC003150F9 /* Foundation.framework */,
				718C764D17AF5AFC003150F9 /* CoreGraphics.framework */,
				150F8B50497948288317B213 /* libPods.a */,
			);
			name = Frameworks;
			sourceTree = "<group>";
		};
		718C764F17AF5AFC003150F9 /* SwipeSelectDemo */ = {
			isa = PBXGroup;
			children = (
				718C765817AF5AFC003150F9 /* AppDelegate.h */,
				718C765917AF5AFC003150F9 /* AppDelegate.m */,
				718C766117AF5AFC003150F9 /* MainStoryboard_iPhone.storyboard */,
				718C766417AF5AFC003150F9 /* MainStoryboard_iPad.storyboard */,
				718C766717AF5AFC003150F9 /* ViewController.h */,
				718C766817AF5AFC003150F9 /* ViewController.m */,
				718C767117AF9F4D003150F9 /* SelectPhotoViewController.h */,
				718C767217AF9F4D003150F9 /* SelectPhotoViewController.m */,
				718C767817AFAB2D003150F9 /* PhotoCell.h */,
				718C767917AFAB2D003150F9 /* PhotoCell.m */,
				718C765017AF5AFC003150F9 /* Supporting Files */,
			);
			path = SwipeSelectDemo;
			sourceTree = "<group>";
		};
		718C765017AF5AFC003150F9 /* Supporting Files */ = {
			isa = PBXGroup;
			children = (
				718C765117AF5AFC003150F9 /* SwipeShare-Info.plist */,
				718C765217AF5AFC003150F9 /* InfoPlist.strings */,
				718C765517AF5AFC003150F9 /* main.m */,
				718C765717AF5AFC003150F9 /* SwipeShare-Prefix.pch */,
				718C765B17AF5AFC003150F9 /* Default.png */,
				718C765D17AF5AFC003150F9 /* Default@2x.png */,
				718C765F17AF5AFC003150F9 /* Default-568h@2x.png */,
			);
			name = "Supporting Files";
			sourceTree = "<group>";
		};
/* End PBXGroup section */

/* Begin PBXNativeTarget section */
		718C764517AF5AFC003150F9 /* SwipeShare */ = {
			isa = PBXNativeTarget;
			buildConfigurationList = 718C766C17AF5AFC003150F9 /* Build configuration list for PBXNativeTarget "SwipeShare" */;
			buildPhases = (
				F9497736F7954B0198B289EF /* Check Pods Manifest.lock */,
				718C764217AF5AFC003150F9 /* Sources */,
				718C764317AF5AFC003150F9 /* Frameworks */,
				718C764417AF5AFC003150F9 /* Resources */,
				4AA26195FC6448B2863A641D /* Copy Pods Resources */,
			);
			buildRules = (
			);
			dependencies = (
			);
			name = SwipeShare;
			productName = SwipeSelectDemo;
			productReference = 718C764617AF5AFC003150F9 /* SwipeShare.app */;
			productType = "com.apple.product-type.application";
		};
/* End PBXNativeTarget section */

/* Begin PBXProject section */
		718C763E17AF5AFC003150F9 /* Project object */ = {
			isa = PBXProject;
			attributes = {
				LastUpgradeCheck = 0460;
				ORGANIZATIONNAME = "Caffeinated Apps";
			};
			buildConfigurationList = 718C764117AF5AFC003150F9 /* Build configuration list for PBXProject "SwipeShare" */;
			compatibilityVersion = "Xcode 3.2";
			developmentRegion = English;
			hasScannedForEncodings = 0;
			knownRegions = (
				en,
			);
			mainGroup = 718C763D17AF5AFC003150F9;
			productRefGroup = 718C764717AF5AFC003150F9 /* Products */;
			projectDirPath = "";
			projectRoot = "";
			targets = (
				718C764517AF5AFC003150F9 /* SwipeShare */,
			);
		};
/* End PBXProject section */

/* Begin PBXResourcesBuildPhase section */
		718C764417AF5AFC003150F9 /* Resources */ = {
			isa = PBXResourcesBuildPhase;
			buildActionMask = 2147483647;
			files = (
				718C765417AF5AFC003150F9 /* InfoPlist.strings in Resources */,
				718C765C17AF5AFC003150F9 /* Default.png in Resources */,
				718C765E17AF5AFC003150F9 /* Default@2x.png in Resources */,
				718C766017AF5AFC003150F9 /* Default-568h@2x.png in Resources */,
				718C766317AF5AFC003150F9 /* MainStoryboard_iPhone.storyboard in Resources */,
				718C766617AF5AFC003150F9 /* MainStoryboard_iPad.storyboard in Resources */,
			);
			runOnlyForDeploymentPostprocessing = 0;
		};
/* End PBXResourcesBuildPhase section */

/* Begin PBXShellScriptBuildPhase section */
		4AA26195FC6448B2863A641D /* Copy Pods Resources */ = {
			isa = PBXShellScriptBuildPhase;
			buildActionMask = 2147483647;
			files = (
			);
			inputPaths = (
			);
			name = "Copy Pods Resources";
			outputPaths = (
			);
			runOnlyForDeploymentPostprocessing = 0;
			shellPath = /bin/sh;
			shellScript = "\"${SRCROOT}/Pods/Pods-resources.sh\"\n";
			showEnvVarsInLog = 0;
		};
		F9497736F7954B0198B289EF /* Check Pods Manifest.lock */ = {
			isa = PBXShellScriptBuildPhase;
			buildActionMask = 2147483647;
			files = (
			);
			inputPaths = (
			);
			name = "Check Pods Manifest.lock";
			outputPaths = (
			);
			runOnlyForDeploymentPostprocessing = 0;
			shellPath = /bin/sh;
			shellScript = "diff \"${PODS_ROOT}/../Podfile.lock\" \"${PODS_ROOT}/Manifest.lock\" > /dev/null\nif [[ $? != 0 ]] ; then\n    cat << EOM\nerror: The sandbox is not in sync with the Podfile.lock. Run 'pod install' or update your CocoaPods installation.\nEOM\n    exit 1\nfi\n";
			showEnvVarsInLog = 0;
		};
/* End PBXShellScriptBuildPhase section */

/* Begin PBXSourcesBuildPhase section */
		718C764217AF5AFC003150F9 /* Sources */ = {
			isa = PBXSourcesBuildPhase;
			buildActionMask = 2147483647;
			files = (
				718C765617AF5AFC003150F9 /* main.m in Sources */,
				718C765A17AF5AFC003150F9 /* AppDelegate.m in Sources */,
				718C766917AF5AFC003150F9 /* ViewController.m in Sources */,
				718C767317AF9F4D003150F9 /* SelectPhotoViewController.m in Sources */,
				718C767A17AFAB2D003150F9 /* PhotoCell.m in Sources */,
			);
			runOnlyForDeploymentPostprocessing = 0;
		};
/* End PBXSourcesBuildPhase section */

/* Begin PBXVariantGroup section */
		718C765217AF5AFC003150F9 /* InfoPlist.strings */ = {
			isa = PBXVariantGroup;
			children = (
				718C765317AF5AFC003150F9 /* en */,
			);
			name = InfoPlist.strings;
			sourceTree = "<group>";
		};
		718C766117AF5AFC003150F9 /* MainStoryboard_iPhone.storyboard */ = {
			isa = PBXVariantGroup;
			children = (
				718C766217AF5AFC003150F9 /* en */,
			);
			name = MainStoryboard_iPhone.storyboard;
			sourceTree = "<group>";
		};
		718C766417AF5AFC003150F9 /* MainStoryboard_iPad.storyboard */ = {
			isa = PBXVariantGroup;
			children = (
				718C766517AF5AFC003150F9 /* en */,
			);
			name = MainStoryboard_iPad.storyboard;
			sourceTree = "<group>";
		};
/* End PBXVariantGroup section */

/* Begin XCBuildConfiguration section */
		718C766A17AF5AFC003150F9 /* Debug */ = {
			isa = XCBuildConfiguration;
			buildSettings = {
				ALWAYS_SEARCH_USER_PATHS = NO;
				CLANG_CXX_LANGUAGE_STANDARD = "gnu++0x";
				CLANG_CXX_LIBRARY = "libc++";
				CLANG_ENABLE_OBJC_ARC = YES;
				CLANG_WARN_CONSTANT_CONVERSION = YES;
				CLANG_WARN_EMPTY_BODY = YES;
				CLANG_WARN_ENUM_CONVERSION = YES;
				CLANG_WARN_INT_CONVERSION = YES;
				CLANG_WARN__DUPLICATE_METHOD_MATCH = YES;
				"CODE_SIGN_IDENTITY[sdk=iphoneos*]" = "iPhone Developer";
				COPY_PHASE_STRIP = NO;
				GCC_C_LANGUAGE_STANDARD = gnu99;
				GCC_DYNAMIC_NO_PIC = NO;
				GCC_OPTIMIZATION_LEVEL = 0;
				GCC_PREPROCESSOR_DEFINITIONS = (
					"DEBUG=1",
					"$(inherited)",
				);
				GCC_SYMBOLS_PRIVATE_EXTERN = NO;
				GCC_WARN_ABOUT_RETURN_TYPE = YES;
				GCC_WARN_UNINITIALIZED_AUTOS = YES;
				GCC_WARN_UNUSED_VARIABLE = YES;
				IPHONEOS_DEPLOYMENT_TARGET = 6.1;
				ONLY_ACTIVE_ARCH = YES;
				SDKROOT = iphoneos;
				TARGETED_DEVICE_FAMILY = "1,2";
			};
			name = Debug;
		};
		718C766B17AF5AFC003150F9 /* Release */ = {
			isa = XCBuildConfiguration;
			buildSettings = {
				ALWAYS_SEARCH_USER_PATHS = NO;
				CLANG_CXX_LANGUAGE_STANDARD = "gnu++0x";
				CLANG_CXX_LIBRARY = "libc++";
				CLANG_ENABLE_OBJC_ARC = YES;
				CLANG_WARN_CONSTANT_CONVERSION = YES;
				CLANG_WARN_EMPTY_BODY = YES;
				CLANG_WARN_ENUM_CONVERSION = YES;
				CLANG_WARN_INT_CONVERSION = YES;
				CLANG_WARN__DUPLICATE_METHOD_MATCH = YES;
				"CODE_SIGN_IDENTITY[sdk=iphoneos*]" = "iPhone Developer";
				COPY_PHASE_STRIP = YES;
				GCC_C_LANGUAGE_STANDARD = gnu99;
				GCC_WARN_ABOUT_RETURN_TYPE = YES;
				GCC_WARN_UNINITIALIZED_AUTOS = YES;
				GCC_WARN_UNUSED_VARIABLE = YES;
				IPHONEOS_DEPLOYMENT_TARGET = 6.1;
				OTHER_CFLAGS = "-DNS_BLOCK_ASSERTIONS=1";
				SDKROOT = iphoneos;
				TARGETED_DEVICE_FAMILY = "1,2";
				VALIDATE_PRODUCT = YES;
			};
			name = Release;
		};
		718C766D17AF5AFC003150F9 /* Debug */ = {
			isa = XCBuildConfiguration;
			baseConfigurationReference = 23458606F2AC40919FDA1CC1 /* Pods.xcconfig */;
			buildSettings = {
				GCC_PRECOMPILE_PREFIX_HEADER = YES;
				GCC_PREFIX_HEADER = "SwipeSelectDemo/SwipeShare-Prefix.pch";
				INFOPLIST_FILE = "SwipeSelectDemo/SwipeShare-Info.plist";
				PRODUCT_NAME = SwipeShare;
				TARGETED_DEVICE_FAMILY = "1,2";
				WRAPPER_EXTENSION = app;
			};
			name = Debug;
		};
		718C766E17AF5AFC003150F9 /* Release */ = {
			isa = XCBuildConfiguration;
			baseConfigurationReference = 23458606F2AC40919FDA1CC1 /* Pods.xcconfig */;
			buildSettings = {
				GCC_PRECOMPILE_PREFIX_HEADER = YES;
				GCC_PREFIX_HEADER = "SwipeSelectDemo/SwipeShare-Prefix.pch";
				INFOPLIST_FILE = "SwipeSelectDemo/SwipeShare-Info.plist";
				PRODUCT_NAME = SwipeShare;
				TARGETED_DEVICE_FAMILY = "1,2";
				WRAPPER_EXTENSION = app;
			};
			name = Release;
		};
/* End XCBuildConfiguration section */

/* Begin XCConfigurationList section */
		718C764117AF5AFC003150F9 /* Build configuration list for PBXProject "SwipeShare" */ = {
			isa = XCConfigurationList;
			buildConfigurations = (
				718C766A17AF5AFC003150F9 /* Debug */,
				718C766B17AF5AFC003150F9 /* Release */,
			);
			defaultConfigurationIsVisible = 0;
			defaultConfigurationName = Release;
		};
		718C766C17AF5AFC003150F9 /* Build configuration list for PBXNativeTarget "SwipeShare" */ = {
			isa = XCConfigurationList;
			buildConfigurations = (
				718C766D17AF5AFC003150F9 /* Debug */,
				718C766E17AF5AFC003150F9 /* Release */,
			);
			defaultConfigurationIsVisible = 0;
			defaultConfigurationName = Release;
		};
/* End XCConfigurationList section */
	};
	rootObject = 718C763E17AF5AFC003150F9 /* Project object */;
}
